{
  "name": "pebble-pulsar-suite",
  "version": "2.2.0",
  "lockfileVersion": 3,
  "requires": true,
  "packages": {
    "": {
      "name": "pebble-pulsar-suite",
      "version": "2.2.0",
      "workspaces": [
        "apps/*"
      ]
    },
    "apps/alarm": {
      "name": "pebble-pulsar-alarm",
      "version": "1.0.0",
      "dependencies": {
        "pebble-clay": "file:../../packages/pebble-clay"
      }
    },
    "apps/chrono": {
      "name": "pebble-pulsar-chrono",
      "version": "1.0.0",
      "dependencies": {
        "pebble-clay": "file:../../packages/pebble-clay"
      }
    },
    "apps/timer": {
      "name": "pebble-pulsar-timer",
      "version": "1.0.0",
      "dependencies": {
        "pebble-clay": "file:../../packages/pebble-clay"
      }
    },
    "apps/watchface": {
      "name": "pebble-pulsar-watchface",
      "version": "2.1.0",
      "dependencies": {
        "pebble-clay": "file:../../packages/pebble-clay"
      }
    },
    "node_modules/pebble-clay": {
      "resolved": "packages/pebble-clay",
      "link": true
    },
    "node_modules/pebble-pulsar-alarm": {
      "resolved": "apps/alarm",
      "link": true
    },
    "node_modules/pebble-pulsar-chrono": {
      "resolved": "apps/chrono",
      "link": true
    },
    "node_modules/pebble-pulsar-timer": {
      "resolved": "apps/timer",
      "link": true
    },
    "node_modules/pebble-pulsar-watchface": {
      "resolved": "apps/watchface",
      "link": true
    },
    "packages/pebble-clay": {
      "version": "1.0.4",
      "license": "MIT",
      "devDependencies": {}
    }
  }
}
