{
  "name": "pebble-pulsar",
  "version": "2.1.0",
  "lockfileVersion": 3,
  "requires": true,
  "packages": {
    "": {
      "name": "pebble-pulsar",
      "version": "2.1.0",
      "dependencies": {
        "pebble-clay": "file:packages/pebble-clay"
      }
    },
    "node_modules/pebble-clay": {
      "resolved": "packages/pebble-clay",
      "link": true
    },
    "packages/pebble-clay": {
      "version": "1.0.4",
      "license": "MIT",
      "devDependencies": {}
    }
  }
}
